// !$*UTF8*$!
{
	archiveVersion = 1;
	classes = {
	};
	objectVersion = 77;
	objects = {

/* Begin PBXBuildFile section */
		8D8259BE2F5FFFBC00742D1A /* .swiftlint.yml in Resources */ = {isa = PBXBuildFile; fileRef = 8D8259BD2F5FFFBC00742D1A /* .swiftlint.yml */; };
		8D8259BF2F5FFFBC00742D1A /* .gitignore in Resources */ = {isa = PBXBuildFile; fileRef = 8D8259BC2F5FFFBC00742D1A /* .gitignore */; };
/* End PBXBuildFile section */

/* Begin PBXContainerItemProxy section */
		337108AC2F5EB5BA00D27C2E /* PBXContainerItemProxy */ = {
			isa = PBXContainerItemProxy;
			containerPortal = 3371088A2F5EB5B800D27C2E /* Project object */;
			proxyType = 1;
			remoteGlobalIDString = 337108912F5EB5B800D27C2E;
			remoteInfo = dungeonCrawler;
		};
		337108B62F5EB5BA00D27C2E /* PBXContainerItemProxy */ = {
			isa = PBXContainerItemProxy;
			containerPortal = 3371088A2F5EB5B800D27C2E /* Project object */;
			proxyType = 1;
			remoteGlobalIDString = 337108912F5EB5B800D27C2E;
			remoteInfo = dungeonCrawler;
		};
/* End PBXContainerItemProxy section */

/* Begin PBXFileReference section */
		337108922F5EB5B800D27C2E /* dungeonCrawler.app */ = {isa = PBXFileReference; explicitFileType = wrapper.application; includeInIndex = 0; path = dungeonCrawler.app; sourceTree = BUILT_PRODUCTS_DIR; };
		337108AB2F5EB5BA00D27C2E /* dungeonCrawlerTests.xctest */ = {isa = PBXFileReference; explicitFileType = wrapper.cfbundle; includeInIndex = 0; path = dungeonCrawlerTests.xctest; sourceTree = BUILT_PRODUCTS_DIR; };
		337108B52F5EB5BA00D27C2E /* dungeonCrawlerUITests.xctest */ = {isa = PBXFileReference; explicitFileType = wrapper.cfbundle; includeInIndex = 0; path = dungeonCrawlerUITests.xctest; sourceTree = BUILT_PRODUCTS_DIR; };
		8D8259BC2F5FFFBC00742D1A /* .gitignore */ = {isa = PBXFileReference; lastKnownFileType = text; path = .gitignore; sourceTree = "<group>"; };
		8D8259BD2F5FFFBC00742D1A /* .swiftlint.yml */ = {isa = PBXFileReference; lastKnownFileType = text.yaml; path = .swiftlint.yml; sourceTree = "<group>"; };
/* End PBXFileReference section */

/* Begin PBXFileSystemSynchronizedRootGroup section */
		337108942F5EB5B800D27C2E /* dungeonCrawler */ = {
			isa = PBXFileSystemSynchronizedRootGroup;
			path = dungeonCrawler;
			sourceTree = "<group>";
		};
		337108AE2F5EB5BA00D27C2E /* dungeonCrawlerTests */ = {
			isa = PBXFileSystemSynchronizedRootGroup;
			path = dungeonCrawlerTests;
			sourceTree = "<group>";
		};
		337108B82F5EB5BA00D27C2E /* dungeonCrawlerUITests */ = {
			isa = PBXFileSystemSynchronizedRootGroup;
			path = dungeonCrawlerUITests;
			sourceTree = "<group>";
		};
/* End PBXFileSystemSynchronizedRootGroup section */

/* Begin PBXFrameworksBuildPhase section */
		3371088F2F5EB5B800D27C2E /* Frameworks */ = {
			isa = PBXFrameworksBuildPhase;
			buildActionMask = 2147483647;
			files = (
			);
			runOnlyForDeploymentPostprocessing = 0;
		};
		337108A82F5EB5BA00D27C2E /* Frameworks */ = {
			isa = PBXFrameworksBuildPhase;
			buildActionMask = 2147483647;
			files = (
			);
			runOnlyForDeploymentPostprocessing = 0;
		};
		337108B22F5EB5BA00D27C2E /* Frameworks */ = {
			isa = PBXFrameworksBuildPhase;
			buildActionMask = 2147483647;
			files = (
			);
			runOnlyForDeploymentPostprocessing = 0;
		};
/* End PBXFrameworksBuildPhase section */

/* Begin PBXGroup section */
		337108892F5EB5B800D27C2E = {
			isa = PBXGroup;
			children = (
				337108942F5EB5B800D27C2E /* dungeonCrawler */,
				337108AE2F5EB5BA00D27C2E /* dungeonCrawlerTests */,
				337108B82F5EB5BA00D27C2E /* dungeonCrawlerUITests */,
				8D8259BC2F5FFFBC00742D1A /* .gitignore */,
				8D8259BD2F5FFFBC00742D1A /* .swiftlint.yml */,
				337108932F5EB5B800D27C2E /* Products */,
			);
			sourceTree = "<group>";
		};
		337108932F5EB5B800D27C2E /* Products */ = {
			isa = PBXGroup;
			children = (
				337108922F5EB5B800D27C2E /* dungeonCrawler.app */,
				337108AB2F5EB5BA00D27C2E /* dungeonCrawlerTests.xctest */,
				337108B52F5EB5BA00D27C2E /* dungeonCrawlerUITests.xctest */,
			);
			name = Products;
			sourceTree = "<group>";
		};
/* End PBXGroup section */

/* Begin PBXNativeTarget section */
		337108912F5EB5B800D27C2E /* dungeonCrawler */ = {
			isa = PBXNativeTarget;
			buildConfigurationList = 337108BF2F5EB5BA00D27C2E /* Build configuration list for PBXNativeTarget "dungeonCrawler" */;
			buildPhases = (
				8D8259BB2F5FFF4400742D1A /* Run SwiftLint */,
				3371088E2F5EB5B800D27C2E /* Sources */,
				3371088F2F5EB5B800D27C2E /* Frameworks */,
				337108902F5EB5B800D27C2E /* Resources */,
			);
			buildRules = (
			);
			dependencies = (
			);
			fileSystemSynchronizedGroups = (
				337108942F5EB5B800D27C2E /* dungeonCrawler */,
			);
			name = dungeonCrawler;
			packageProductDependencies = (
			);
			productName = dungeonCrawler;
			productReference = 337108922F5EB5B800D27C2E /* dungeonCrawler.app */;
			productType = "com.apple.product-type.application";
		};
		337108AA2F5EB5BA00D27C2E /* dungeonCrawlerTests */ = {
			isa = PBXNativeTarget;
			buildConfigurationList = 337108C22F5EB5BA00D27C2E /* Build configuration list for PBXNativeTarget "dungeonCrawlerTests" */;
			buildPhases = (
				337108A72F5EB5BA00D27C2E /* Sources */,
				337108A82F5EB5BA00D27C2E /* Frameworks */,
				337108A92F5EB5BA00D27C2E /* Resources */,
			);
			buildRules = (
			);
			dependencies = (
				337108AD2F5EB5BA00D27C2E /* PBXTargetDependency */,
			);
			fileSystemSynchronizedGroups = (
				337108AE2F5EB5BA00D27C2E /* dungeonCrawlerTests */,
			);
			name = dungeonCrawlerTests;
			packageProductDependencies = (
			);
			productName = dungeonCrawlerTests;
			productReference = 337108AB2F5EB5BA00D27C2E /* dungeonCrawlerTests.xctest */;
			productType = "com.apple.product-type.bundle.unit-test";
		};
		337108B42F5EB5BA00D27C2E /* dungeonCrawlerUITests */ = {
			isa = PBXNativeTarget;
			buildConfigurationList = 337108C52F5EB5BA00D27C2E /* Build configuration list for PBXNativeTarget "dungeonCrawlerUITests" */;
			buildPhases = (
				337108B12F5EB5BA00D27C2E /* Sources */,
				337108B22F5EB5BA00D27C2E /* Frameworks */,
				337108B32F5EB5BA00D27C2E /* Resources */,
			);
			buildRules = (
			);
			dependencies = (
				337108B72F5EB5BA00D27C2E /* PBXTargetDependency */,
			);
			fileSystemSynchronizedGroups = (
				337108B82F5EB5BA00D27C2E /* dungeonCrawlerUITests */,
			);
			name = dungeonCrawlerUITests;
			packageProductDependencies = (
			);
			productName = dungeonCrawlerUITests;
			productReference = 337108B52F5EB5BA00D27C2E /* dungeonCrawlerUITests.xctest */;
			productType = "com.apple.product-type.bundle.ui-testing";
		};
/* End PBXNativeTarget section */

/* Begin PBXProject section */
		3371088A2F5EB5B800D27C2E /* Project object */ = {
			isa = PBXProject;
			attributes = {
				BuildIndependentTargetsInParallel = 1;
				LastSwiftUpdateCheck = 2630;
				LastUpgradeCheck = 2630;
				TargetAttributes = {
					337108912F5EB5B800D27C2E = {
						CreatedOnToolsVersion = 26.3;
					};
					337108AA2F5EB5BA00D27C2E = {
						CreatedOnToolsVersion = 26.3;
						TestTargetID = 337108912F5EB5B800D27C2E;
					};
					337108B42F5EB5BA00D27C2E = {
						CreatedOnToolsVersion = 26.3;
						TestTargetID = 337108912F5EB5B800D27C2E;
					};
				};
			};
			buildConfigurationList = 3371088D2F5EB5B800D27C2E /* Build configuration list for PBXProject "dungeonCrawler" */;
			developmentRegion = en;
			hasScannedForEncodings = 0;
			knownRegions = (
				en,
				Base,
			);
			mainGroup = 337108892F5EB5B800D27C2E;
			minimizedProjectReferenceProxies = 1;
			preferredProjectObjectVersion = 77;
			productRefGroup = 337108932F5EB5B800D27C2E /* Products */;
			projectDirPath = "";
			projectRoot = "";
			targets = (
				337108912F5EB5B800D27C2E /* dungeonCrawler */,
				337108AA2F5EB5BA00D27C2E /* dungeonCrawlerTests */,
				337108B42F5EB5BA00D27C2E /* dungeonCrawlerUITests */,
			);
		};
/* End PBXProject section */

/* Begin PBXResourcesBuildPhase section */
		337108902F5EB5B800D27C2E /* Resources */ = {
			isa = PBXResourcesBuildPhase;
			buildActionMask = 2147483647;
			files = (
				8D8259BE2F5FFFBC00742D1A /* .swiftlint.yml in Resources */,
				8D8259BF2F5FFFBC00742D1A /* .gitignore in Resources */,
			);
			runOnlyForDeploymentPostprocessing = 0;
		};
		337108A92F5EB5BA00D27C2E /* Resources */ = {
			isa = PBXResourcesBuildPhase;
			buildActionMask = 2147483647;
			files = (
			);
			runOnlyForDeploymentPostprocessing = 0;
		};
		337108B32F5EB5BA00D27C2E /* Resources */ = {
			isa = PBXResourcesBuildPhase;
			buildActionMask = 2147483647;
			files = (
			);
			runOnlyForDeploymentPostprocessing = 0;
		};
/* End PBXResourcesBuildPhase section */

/* Begin PBXShellScriptBuildPhase section */
		8D8259BB2F5FFF4400742D1A /* Run SwiftLint */ = {
			isa = PBXShellScriptBuildPhase;
			alwaysOutOfDate = 1;
			buildActionMask = 2147483647;
			files = (
			);
			inputFileListPaths = (
			);
			inputPaths = (
				"$(SRCROOT)/.swiftlint.yml",
				"$(SRCROOT)/dungeonCrawler",
				"$(SRCROOT)/group-project-dungeonCrawler",
			);
			name = "Run SwiftLint";
			outputFileListPaths = (
			);
			outputPaths = (
			);
			runOnlyForDeploymentPostprocessing = 0;
			shellPath = /bin/sh;
			shellScript = "# Type a script or drag a script file from your workspace to insert its path.\n# Export path for Apple Silicon (M1/M2/M3) Macs which use /opt/homebrew\nif [[ \"$(uname -m)\" == arm64 ]]; then\n    export PATH=\"/opt/homebrew/bin:$PATH\"\nfi\n\n# Check if SwiftLint is installed\nif which swiftlint >/dev/null; then\n  swiftlint --fix && swiftlint\nelse\n  echo \"warning: SwiftLint not installed, download from https://github.com/realm/SwiftLint\"\nfi\n";
		};
/* End PBXShellScriptBuildPhase section */

/* Begin PBXSourcesBuildPhase section */
		3371088E2F5EB5B800D27C2E /* Sources */ = {
			isa = PBXSourcesBuildPhase;
			buildActionMask = 2147483647;
			files = (
			);
			runOnlyForDeploymentPostprocessing = 0;
		};
		337108A72F5EB5BA00D27C2E /* Sources */ = {
			isa = PBXSourcesBuildPhase;
			buildActionMask = 2147483647;
			files = (
			);
			runOnlyForDeploymentPostprocessing = 0;
		};
		337108B12F5EB5BA00D27C2E /* Sources */ = {
			isa = PBXSourcesBuildPhase;
			buildActionMask = 2147483647;
			files = (
			);
			runOnlyForDeploymentPostprocessing = 0;
		};
/* End PBXSourcesBuildPhase section */

/* Begin PBXTargetDependency section */
		337108AD2F5EB5BA00D27C2E /* PBXTargetDependency */ = {
			isa = PBXTargetDependency;
			target = 337108912F5EB5B800D27C2E /* dungeonCrawler */;
			targetProxy = 337108AC2F5EB5BA00D27C2E /* PBXContainerItemProxy */;
		};
		337108B72F5EB5BA00D27C2E /* PBXTargetDependency */ = {
			isa = PBXTargetDependency;
			target = 337108912F5EB5B800D27C2E /* dungeonCrawler */;
			targetProxy = 337108B62F5EB5BA00D27C2E /* PBXContainerItemProxy */;
		};
/* End PBXTargetDependency section */

/* Begin XCBuildConfiguration section */
		337108BD2F5EB5BA00D27C2E /* Debug */ = {
			isa = XCBuildConfiguration;
			buildSettings = {
				ALWAYS_SEARCH_USER_PATHS = NO;
				ASSETCATALOG_COMPILER_GENERATE_SWIFT_ASSET_SYMBOL_EXTENSIONS = YES;
				CLANG_ANALYZER_NONNULL = YES;
				CLANG_ANALYZER_NUMBER_OBJECT_CONVERSION = YES_AGGRESSIVE;
				CLANG_CXX_LANGUAGE_STANDARD = "gnu++20";
				CLANG_ENABLE_MODULES = YES;
				CLANG_ENABLE_OBJC_ARC = YES;
				CLANG_ENABLE_OBJC_WEAK = YES;
				CLANG_WARN_BLOCK_CAPTURE_AUTORELEASING = YES;
				CLANG_WARN_BOOL_CONVERSION = YES;
				CLANG_WARN_COMMA = YES;
				CLANG_WARN_CONSTANT_CONVERSION = YES;
				CLANG_WARN_DEPRECATED_OBJC_IMPLEMENTATIONS = YES;
				CLANG_WARN_DIRECT_OBJC_ISA_USAGE = YES_ERROR;
				CLANG_WARN_DOCUMENTATION_COMMENTS = YES;
				CLANG_WARN_EMPTY_BODY = YES;
				CLANG_WARN_ENUM_CONVERSION = YES;
				CLANG_WARN_INFINITE_RECURSION = YES;
				CLANG_WARN_INT_CONVERSION = YES;
				CLANG_WARN_NON_LITERAL_NULL_CONVERSION = YES;
				CLANG_WARN_OBJC_IMPLICIT_RETAIN_SELF = YES;
				CLANG_WARN_OBJC_LITERAL_CONVERSION = YES;
				CLANG_WARN_OBJC_ROOT_CLASS = YES_ERROR;
				CLANG_WARN_QUOTED_INCLUDE_IN_FRAMEWORK_HEADER = YES;
				CLANG_WARN_RANGE_LOOP_ANALYSIS = YES;
				CLANG_WARN_STRICT_PROTOTYPES = YES;
				CLANG_WARN_SUSPICIOUS_MOVE = YES;
				CLANG_WARN_UNGUARDED_AVAILABILITY = YES_AGGRESSIVE;
				CLANG_WARN_UNREACHABLE_CODE = YES;
				CLANG_WARN__DUPLICATE_METHOD_MATCH = YES;
				COPY_PHASE_STRIP = NO;
				DEBUG_INFORMATION_FORMAT = dwarf;
				ENABLE_STRICT_OBJC_MSGSEND = YES;
				ENABLE_TESTABILITY = YES;
				ENABLE_USER_SCRIPT_SANDBOXING = YES;
				GCC_C_LANGUAGE_STANDARD = gnu17;
				GCC_DYNAMIC_NO_PIC = NO;
				GCC_NO_COMMON_BLOCKS = YES;
				GCC_OPTIMIZATION_LEVEL = 0;
				GCC_PREPROCESSOR_DEFINITIONS = (
					"DEBUG=1",
					"$(inherited)",
				);
				GCC_WARN_64_TO_32_BIT_CONVERSION = YES;
				GCC_WARN_ABOUT_RETURN_TYPE = YES_ERROR;
				GCC_WARN_UNDECLARED_SELECTOR = YES;
				GCC_WARN_UNINITIALIZED_AUTOS = YES_AGGRESSIVE;
				GCC_WARN_UNUSED_FUNCTION = YES;
				GCC_WARN_UNUSED_VARIABLE = YES;
				IPHONEOS_DEPLOYMENT_TARGET = 26.2;
				LOCALIZATION_PREFERS_STRING_CATALOGS = YES;
				MTL_ENABLE_DEBUG_INFO = INCLUDE_SOURCE;
				MTL_FAST_MATH = YES;
				ONLY_ACTIVE_ARCH = YES;
				SDKROOT = iphoneos;
				SWIFT_ACTIVE_COMPILATION_CONDITIONS = "DEBUG $(inherited)";
				SWIFT_OPTIMIZATION_LEVEL = "-Onone";
			};
			name = Debug;
		};
		337108BE2F5EB5BA00D27C2E /* Release */ = {
			isa = XCBuildConfiguration;
			buildSettings = {
				ALWAYS_SEARCH_USER_PATHS = NO;
				ASSETCATALOG_COMPILER_GENERATE_SWIFT_ASSET_SYMBOL_EXTENSIONS = YES;
				CLANG_ANALYZER_NONNULL = YES;
				CLANG_ANALYZER_NUMBER_OBJECT_CONVERSION = YES_AGGRESSIVE;
				CLANG_CXX_LANGUAGE_STANDARD = "gnu++20";
				CLANG_ENABLE_MODULES = YES;
				CLANG_ENABLE_OBJC_ARC = YES;
				CLANG_ENABLE_OBJC_WEAK = YES;
				CLANG_WARN_BLOCK_CAPTURE_AUTORELEASING = YES;
				CLANG_WARN_BOOL_CONVERSION = YES;
				CLANG_WARN_COMMA = YES;
				CLANG_WARN_CONSTANT_CONVERSION = YES;
				CLANG_WARN_DEPRECATED_OBJC_IMPLEMENTATIONS = YES;
				CLANG_WARN_DIRECT_OBJC_ISA_USAGE = YES_ERROR;
				CLANG_WARN_DOCUMENTATION_COMMENTS = YES;
				CLANG_WARN_EMPTY_BODY = YES;
				CLANG_WARN_ENUM_CONVERSION = YES;
				CLANG_WARN_INFINITE_RECURSION = YES;
				CLANG_WARN_INT_CONVERSION = YES;
				CLANG_WARN_NON_LITERAL_NULL_CONVERSION = YES;
				CLANG_WARN_OBJC_IMPLICIT_RETAIN_SELF = YES;
				CLANG_WARN_OBJC_LITERAL_CONVERSION = YES;
				CLANG_WARN_OBJC_ROOT_CLASS = YES_ERROR;
				CLANG_WARN_QUOTED_INCLUDE_IN_FRAMEWORK_HEADER = YES;
				CLANG_WARN_RANGE_LOOP_ANALYSIS = YES;
				CLANG_WARN_STRICT_PROTOTYPES = YES;
				CLANG_WARN_SUSPICIOUS_MOVE = YES;
				CLANG_WARN_UNGUARDED_AVAILABILITY = YES_AGGRESSIVE;
				CLANG_WARN_UNREACHABLE_CODE = YES;
				CLANG_WARN__DUPLICATE_METHOD_MATCH = YES;
				COPY_PHASE_STRIP = NO;
				DEBUG_INFORMATION_FORMAT = "dwarf-with-dsym";
				ENABLE_NS_ASSERTIONS = NO;
				ENABLE_STRICT_OBJC_MSGSEND = YES;
				ENABLE_USER_SCRIPT_SANDBOXING = YES;
				GCC_C_LANGUAGE_STANDARD = gnu17;
				GCC_NO_COMMON_BLOCKS = YES;
				GCC_WARN_64_TO_32_BIT_CONVERSION = YES;
				GCC_WARN_ABOUT_RETURN_TYPE = YES_ERROR;
				GCC_WARN_UNDECLARED_SELECTOR = YES;
				GCC_WARN_UNINITIALIZED_AUTOS = YES_AGGRESSIVE;
				GCC_WARN_UNUSED_FUNCTION = YES;
				GCC_WARN_UNUSED_VARIABLE = YES;
				IPHONEOS_DEPLOYMENT_TARGET = 26.2;
				LOCALIZATION_PREFERS_STRING_CATALOGS = YES;
				MTL_ENABLE_DEBUG_INFO = NO;
				MTL_FAST_MATH = YES;
				SDKROOT = iphoneos;
				SWIFT_COMPILATION_MODE = wholemodule;
				VALIDATE_PRODUCT = YES;
			};
			name = Release;
		};
		337108C02F5EB5BA00D27C2E /* Debug */ = {
			isa = XCBuildConfiguration;
			buildSettings = {
				ASSETCATALOG_COMPILER_APPICON_NAME = AppIcon;
				ASSETCATALOG_COMPILER_GLOBAL_ACCENT_COLOR_NAME = AccentColor;
				CODE_SIGN_STYLE = Automatic;
				CURRENT_PROJECT_VERSION = 1;
				DEVELOPMENT_TEAM = V8V5CR5275;
				GENERATE_INFOPLIST_FILE = YES;
				INFOPLIST_KEY_UIApplicationSupportsIndirectInputEvents = YES;
				INFOPLIST_KEY_UILaunchStoryboardName = LaunchScreen;
				INFOPLIST_KEY_UIMainStoryboardFile = Main;
				INFOPLIST_KEY_UIStatusBarHidden = YES;
				INFOPLIST_KEY_UISupportedInterfaceOrientations_iPad = "UIInterfaceOrientationPortrait UIInterfaceOrientationPortraitUpsideDown UIInterfaceOrientationLandscapeLeft UIInterfaceOrientationLandscapeRight";
				INFOPLIST_KEY_UISupportedInterfaceOrientations_iPhone = "UIInterfaceOrientationPortrait UIInterfaceOrientationLandscapeLeft UIInterfaceOrientationLandscapeRight";
				LD_RUNPATH_SEARCH_PATHS = (
					"$(inherited)",
					"@executable_path/Frameworks",
				);
				MARKETING_VERSION = 1.0;
				PRODUCT_BUNDLE_IDENTIFIER = sky.dungeonCrawler;
				PRODUCT_NAME = "$(TARGET_NAME)";
				STRING_CATALOG_GENERATE_SYMBOLS = YES;
				SWIFT_APPROACHABLE_CONCURRENCY = YES;
				SWIFT_DEFAULT_ACTOR_ISOLATION = MainActor;
				SWIFT_EMIT_LOC_STRINGS = YES;
				SWIFT_UPCOMING_FEATURE_MEMBER_IMPORT_VISIBILITY = YES;
				SWIFT_VERSION = 5.0;
				TARGETED_DEVICE_FAMILY = "1,2";
			};
			name = Debug;
		};
		337108C12F5EB5BA00D27C2E /* Release */ = {
			isa = XCBuildConfiguration;
			buildSettings = {
				ASSETCATALOG_COMPILER_APPICON_NAME = AppIcon;
				ASSETCATALOG_COMPILER_GLOBAL_ACCENT_COLOR_NAME = AccentColor;
				CODE_SIGN_STYLE = Automatic;
				CURRENT_PROJECT_VERSION = 1;
				DEVELOPMENT_TEAM = V8V5CR5275;
				GENERATE_INFOPLIST_FILE = YES;
				INFOPLIST_KEY_UIApplicationSupportsIndirectInputEvents = YES;
				INFOPLIST_KEY_UILaunchStoryboardName = LaunchScreen;
				INFOPLIST_KEY_UIMainStoryboardFile = Main;
				INFOPLIST_KEY_UIStatusBarHidden = YES;
				INFOPLIST_KEY_UISupportedInterfaceOrientations_iPad = "UIInterfaceOrientationPortrait UIInterfaceOrientationPortraitUpsideDown UIInterfaceOrientationLandscapeLeft UIInterfaceOrientationLandscapeRight";
				INFOPLIST_KEY_UISupportedInterfaceOrientations_iPhone = "UIInterfaceOrientationPortrait UIInterfaceOrientationLandscapeLeft UIInterfaceOrientationLandscapeRight";
				LD_RUNPATH_SEARCH_PATHS = (
					"$(inherited)",
					"@executable_path/Frameworks",
				);
				MARKETING_VERSION = 1.0;
				PRODUCT_BUNDLE_IDENTIFIER = sky.dungeonCrawler;
				PRODUCT_NAME = "$(TARGET_NAME)";
				STRING_CATALOG_GENERATE_SYMBOLS = YES;
				SWIFT_APPROACHABLE_CONCURRENCY = YES;
				SWIFT_DEFAULT_ACTOR_ISOLATION = MainActor;
				SWIFT_EMIT_LOC_STRINGS = YES;
				SWIFT_UPCOMING_FEATURE_MEMBER_IMPORT_VISIBILITY = YES;
				SWIFT_VERSION = 5.0;
				TARGETED_DEVICE_FAMILY = "1,2";
			};
			name = Release;
		};
		337108C32F5EB5BA00D27C2E /* Debug */ = {
			isa = XCBuildConfiguration;
			buildSettings = {
				BUNDLE_LOADER = "$(TEST_HOST)";
				CODE_SIGN_STYLE = Automatic;
				CURRENT_PROJECT_VERSION = 1;
				GENERATE_INFOPLIST_FILE = YES;
				IPHONEOS_DEPLOYMENT_TARGET = 26.2;
				MARKETING_VERSION = 1.0;
				PRODUCT_BUNDLE_IDENTIFIER = sky.dungeonCrawlerTests;
				PRODUCT_NAME = "$(TARGET_NAME)";
				STRING_CATALOG_GENERATE_SYMBOLS = NO;
				SWIFT_APPROACHABLE_CONCURRENCY = YES;
				SWIFT_EMIT_LOC_STRINGS = NO;
				SWIFT_UPCOMING_FEATURE_MEMBER_IMPORT_VISIBILITY = YES;
				SWIFT_VERSION = 5.0;
				TARGETED_DEVICE_FAMILY = "1,2";
				TEST_HOST = "$(BUILT_PRODUCTS_DIR)/dungeonCrawler.app/$(BUNDLE_EXECUTABLE_FOLDER_PATH)/dungeonCrawler";
			};
			name = Debug;
		};
		337108C42F5EB5BA00D27C2E /* Release */ = {
			isa = XCBuildConfiguration;
			buildSettings = {
				BUNDLE_LOADER = "$(TEST_HOST)";
				CODE_SIGN_STYLE = Automatic;
				CURRENT_PROJECT_VERSION = 1;
				GENERATE_INFOPLIST_FILE = YES;
				IPHONEOS_DEPLOYMENT_TARGET = 26.2;
				MARKETING_VERSION = 1.0;
				PRODUCT_BUNDLE_IDENTIFIER = sky.dungeonCrawlerTests;
				PRODUCT_NAME = "$(TARGET_NAME)";
				STRING_CATALOG_GENERATE_SYMBOLS = NO;
				SWIFT_APPROACHABLE_CONCURRENCY = YES;
				SWIFT_EMIT_LOC_STRINGS = NO;
				SWIFT_UPCOMING_FEATURE_MEMBER_IMPORT_VISIBILITY = YES;
				SWIFT_VERSION = 5.0;
				TARGETED_DEVICE_FAMILY = "1,2";
				TEST_HOST = "$(BUILT_PRODUCTS_DIR)/dungeonCrawler.app/$(BUNDLE_EXECUTABLE_FOLDER_PATH)/dungeonCrawler";
			};
			name = Release;
		};
		337108C62F5EB5BA00D27C2E /* Debug */ = {
			isa = XCBuildConfiguration;
			buildSettings = {
				CODE_SIGN_STYLE = Automatic;
				CURRENT_PROJECT_VERSION = 1;
				GENERATE_INFOPLIST_FILE = YES;
				MARKETING_VERSION = 1.0;
				PRODUCT_BUNDLE_IDENTIFIER = sky.dungeonCrawlerUITests;
				PRODUCT_NAME = "$(TARGET_NAME)";
				STRING_CATALOG_GENERATE_SYMBOLS = NO;
				SWIFT_APPROACHABLE_CONCURRENCY = YES;
				SWIFT_EMIT_LOC_STRINGS = NO;
				SWIFT_UPCOMING_FEATURE_MEMBER_IMPORT_VISIBILITY = YES;
				SWIFT_VERSION = 5.0;
				TARGETED_DEVICE_FAMILY = "1,2";
				TEST_TARGET_NAME = dungeonCrawler;
			};
			name = Debug;
		};
		337108C72F5EB5BA00D27C2E /* Release */ = {
			isa = XCBuildConfiguration;
			buildSettings = {
				CODE_SIGN_STYLE = Automatic;
				CURRENT_PROJECT_VERSION = 1;
				GENERATE_INFOPLIST_FILE = YES;
				MARKETING_VERSION = 1.0;
				PRODUCT_BUNDLE_IDENTIFIER = sky.dungeonCrawlerUITests;
				PRODUCT_NAME = "$(TARGET_NAME)";
				STRING_CATALOG_GENERATE_SYMBOLS = NO;
				SWIFT_APPROACHABLE_CONCURRENCY = YES;
				SWIFT_EMIT_LOC_STRINGS = NO;
				SWIFT_UPCOMING_FEATURE_MEMBER_IMPORT_VISIBILITY = YES;
				SWIFT_VERSION = 5.0;
				TARGETED_DEVICE_FAMILY = "1,2";
				TEST_TARGET_NAME = dungeonCrawler;
			};
			name = Release;
		};
/* End XCBuildConfiguration section */

/* Begin XCConfigurationList section */
		3371088D2F5EB5B800D27C2E /* Build configuration list for PBXProject "dungeonCrawler" */ = {
			isa = XCConfigurationList;
			buildConfigurations = (
				337108BD2F5EB5BA00D27C2E /* Debug */,
				337108BE2F5EB5BA00D27C2E /* Release */,
			);
			defaultConfigurationIsVisible = 0;
			defaultConfigurationName = Release;
		};
		337108BF2F5EB5BA00D27C2E /* Build configuration list for PBXNativeTarget "dungeonCrawler" */ = {
			isa = XCConfigurationList;
			buildConfigurations = (
				337108C02F5EB5BA00D27C2E /* Debug */,
				337108C12F5EB5BA00D27C2E /* Release */,
			);
			defaultConfigurationIsVisible = 0;
			defaultConfigurationName = Release;
		};
		337108C22F5EB5BA00D27C2E /* Build configuration list for PBXNativeTarget "dungeonCrawlerTests" */ = {
			isa = XCConfigurationList;
			buildConfigurations = (
				337108C32F5EB5BA00D27C2E /* Debug */,
				337108C42F5EB5BA00D27C2E /* Release */,
			);
			defaultConfigurationIsVisible = 0;
			defaultConfigurationName = Release;
		};
		337108C52F5EB5BA00D27C2E /* Build configuration list for PBXNativeTarget "dungeonCrawlerUITests" */ = {
			isa = XCConfigurationList;
			buildConfigurations = (
				337108C62F5EB5BA00D27C2E /* Debug */,
				337108C72F5EB5BA00D27C2E /* Release */,
			);
			defaultConfigurationIsVisible = 0;
			defaultConfigurationName = Release;
		};
/* End XCConfigurationList section */
	};
	rootObject = 3371088A2F5EB5B800D27C2E /* Project object */;
}
